
Microsoft Visual Studio Solution File, Format Version 12.00
# Visual Studio Version 17
VisualStudioVersion = 17.6.33815.320
MinimumVisualStudioVersion = 10.0.40219.1
Project("{FAE04EC0-301F-11D3-BF4B-00C04F79EFBC}") = "ConsoleApp93", "ConsoleApp93\ConsoleApp93.csproj", "{58D45E45-17B7-4A88-8675-550A99DDD1D9}"
EndProject
Global
	GlobalSection(SolutionConfigurationPlatforms) = preSolution
		Debug|Any CPU = Debug|Any CPU
		Release|Any CPU = Release|Any CPU
	EndGlobalSection
	GlobalSection(ProjectConfigurationPlatforms) = postSolution
		{58D45E45-17B7-4A88-8675-550A99DDD1D9}.Debug|Any CPU.ActiveCfg = Debug|Any CPU
		{58D45E45-17B7-4A88-8675-550A99DDD1D9}.Debug|Any CPU.Build.0 = Debug|Any CPU
		{58D45E45-17B7-4A88-8675-550A99DDD1D9}.Release|Any CPU.ActiveCfg = Release|Any CPU
		{58D45E45-17B7-4A88-8675-550A99DDD1D9}.Release|Any CPU.Build.0 = Release|Any CPU
	EndGlobalSection
	GlobalSection(SolutionProperties) = preSolution
		HideSolutionNode = FALSE
	EndGlobalSection
	GlobalSection(ExtensibilityGlobals) = postSolution
		SolutionGuid = {C2D85272-6A5E-455F-A1FA-7D7BDBBEFDE7}
	EndGlobalSection
EndGlobal
